
Microsoft Visual Studio Solution File, Format Version 12.00
# Visual Studio Version 17
VisualStudioVersion = 17.0.31903.59
MinimumVisualStudioVersion = 10.0.40219.1
Project("{FAE04EC0-301F-11D3-BF4B-00C04F79EFBC}") = "TestingVsCodeRun", "TestingVsCodeRun\TestingVsCodeRun.csproj", "{8B19093A-DCC4-4DBD-BF72-E7ABEFA64A94}"
EndProject
Project("{FAE04EC0-301F-11D3-BF4B-00C04F79EFBC}") = "StockSystemW", "StockSystemW\StockSystemW.csproj", "{7123AEAD-1409-48D7-8C7D-0A55788F3501}"
EndProject
Project("{FAE04EC0-301F-11D3-BF4B-00C04F79EFBC}") = "SteamProjectW", "SteamProjectW\SteamProjectW.csproj", "{837B39DD-27AB-43AD-8281-748166C0F3C9}"
EndProject
Global
	GlobalSection(SolutionConfigurationPlatforms) = preSolution
		Debug|Any CPU = Debug|Any CPU
		Debug|x64 = Debug|x64
		Debug|x86 = Debug|x86
		Release|Any CPU = Release|Any CPU
		Release|x64 = Release|x64
		Release|x86 = Release|x86
	EndGlobalSection
	GlobalSection(ProjectConfigurationPlatforms) = postSolution
		{8B19093A-DCC4-4DBD-BF72-E7ABEFA64A94}.Debug|Any CPU.ActiveCfg = Debug|Any CPU
		{8B19093A-DCC4-4DBD-BF72-E7ABEFA64A94}.Debug|Any CPU.Build.0 = Debug|Any CPU
		{8B19093A-DCC4-4DBD-BF72-E7ABEFA64A94}.Debug|x64.ActiveCfg = Debug|Any CPU
		{8B19093A-DCC4-4DBD-BF72-E7ABEFA64A94}.Debug|x64.Build.0 = Debug|Any CPU
		{8B19093A-DCC4-4DBD-BF72-E7ABEFA64A94}.Debug|x86.ActiveCfg = Debug|Any CPU
		{8B19093A-DCC4-4DBD-BF72-E7ABEFA64A94}.Debug|x86.Build.0 = Debug|Any CPU
		{8B19093A-DCC4-4DBD-BF72-E7ABEFA64A94}.Release|Any CPU.ActiveCfg = Release|Any CPU
		{8B19093A-DCC4-4DBD-BF72-E7ABEFA64A94}.Release|Any CPU.Build.0 = Release|Any CPU
		{8B19093A-DCC4-4DBD-BF72-E7ABEFA64A94}.Release|x64.ActiveCfg = Release|Any CPU
		{8B19093A-DCC4-4DBD-BF72-E7ABEFA64A94}.Release|x64.Build.0 = Release|Any CPU
		{8B19093A-DCC4-4DBD-BF72-E7ABEFA64A94}.Release|x86.ActiveCfg = Release|Any CPU
		{8B19093A-DCC4-4DBD-BF72-E7ABEFA64A94}.Release|x86.Build.0 = Release|Any CPU
		{7123AEAD-1409-48D7-8C7D-0A55788F3501}.Debug|Any CPU.ActiveCfg = Debug|Any CPU
		{7123AEAD-1409-48D7-8C7D-0A55788F3501}.Debug|Any CPU.Build.0 = Debug|Any CPU
		{7123AEAD-1409-48D7-8C7D-0A55788F3501}.Debug|x64.ActiveCfg = Debug|Any CPU
		{7123AEAD-1409-48D7-8C7D-0A55788F3501}.Debug|x64.Build.0 = Debug|Any CPU
		{7123AEAD-1409-48D7-8C7D-0A55788F3501}.Debug|x86.ActiveCfg = Debug|Any CPU
		{7123AEAD-1409-48D7-8C7D-0A55788F3501}.Debug|x86.Build.0 = Debug|Any CPU
		{7123AEAD-1409-48D7-8C7D-0A55788F3501}.Release|Any CPU.ActiveCfg = Release|Any CPU
		{7123AEAD-1409-48D7-8C7D-0A55788F3501}.Release|Any CPU.Build.0 = Release|Any CPU
		{7123AEAD-1409-48D7-8C7D-0A55788F3501}.Release|x64.ActiveCfg = Release|Any CPU
		{7123AEAD-1409-48D7-8C7D-0A55788F3501}.Release|x64.Build.0 = Release|Any CPU
		{7123AEAD-1409-48D7-8C7D-0A55788F3501}.Release|x86.ActiveCfg = Release|Any CPU
		{7123AEAD-1409-48D7-8C7D-0A55788F3501}.Release|x86.Build.0 = Release|Any CPU
		{837B39DD-27AB-43AD-8281-748166C0F3C9}.Debug|Any CPU.ActiveCfg = Debug|Any CPU
		{837B39DD-27AB-43AD-8281-748166C0F3C9}.Debug|Any CPU.Build.0 = Debug|Any CPU
		{837B39DD-27AB-43AD-8281-748166C0F3C9}.Debug|x64.ActiveCfg = Debug|Any CPU
		{837B39DD-27AB-43AD-8281-748166C0F3C9}.Debug|x64.Build.0 = Debug|Any CPU
		{837B39DD-27AB-43AD-8281-748166C0F3C9}.Debug|x86.ActiveCfg = Debug|Any CPU
		{837B39DD-27AB-43AD-8281-748166C0F3C9}.Debug|x86.Build.0 = Debug|Any CPU
		{837B39DD-27AB-43AD-8281-748166C0F3C9}.Release|Any CPU.ActiveCfg = Release|Any CPU
		{837B39DD-27AB-43AD-8281-748166C0F3C9}.Release|Any CPU.Build.0 = Release|Any CPU
		{837B39DD-27AB-43AD-8281-748166C0F3C9}.Release|x64.ActiveCfg = Release|Any CPU
		{837B39DD-27AB-43AD-8281-748166C0F3C9}.Release|x64.Build.0 = Release|Any CPU
		{837B39DD-27AB-43AD-8281-748166C0F3C9}.Release|x86.ActiveCfg = Release|Any CPU
		{837B39DD-27AB-43AD-8281-748166C0F3C9}.Release|x86.Build.0 = Release|Any CPU
	EndGlobalSection
	GlobalSection(SolutionProperties) = preSolution
		HideSolutionNode = FALSE
	EndGlobalSection
EndGlobal
