
Microsoft Visual Studio Solution File, Format Version 12.00
# Visual Studio Version 17
VisualStudioVersion = 17.0.31903.59
MinimumVisualStudioVersion = 10.0.40219.1
Project("{FAE04EC0-301F-11D3-BF4B-00C04F79EFBC}") = "TestingVsCodeRun", "TestingVsCodeRun\TestingVsCodeRun.csproj", "{8B19093A-DCC4-4DBD-BF72-E7ABEFA64A94}"
EndProject
Project("{FAE04EC0-301F-11D3-BF4B-00C04F79EFBC}") = "StockSystemW", "StockSystemW\StockSystemW.csproj", "{7123AEAD-1409-48D7-8C7D-0A55788F3501}"
EndProject
Project("{FAE04EC0-301F-11D3-BF4B-00C04F79EFBC}") = "SteamProjectW", "SteamProjectW\SteamProjectW.csproj", "{837B39DD-27AB-43AD-8281-748166C0F3C9}"
EndProject
Project("{FAE04EC0-301F-11D3-BF4B-00C04F79EFBC}") = "SalesSystem", "SalesSystem\SalesSystem.csproj", "{BC44D575-B97A-4448-B3AA-CE74A0F6F6F5}"
EndProject
Project("{FAE04EC0-301F-11D3-BF4B-00C04F79EFBC}") = "ReinforcingInheritance", "ReinforcingInheritance\ReinforcingInheritance.csproj", "{77957C33-349F-43A4-8585-7AFB36F0B9AB}"
EndProject
Project("{FAE04EC0-301F-11D3-BF4B-00C04F79EFBC}") = "Reinforcing Encapsulation", "Reinforcing Encapsulation\Reinforcing Encapsulation.csproj", "{215C5C94-AC4F-4E47-B5AB-FEFBEB96ADBF}"
EndProject
Project("{FAE04EC0-301F-11D3-BF4B-00C04F79EFBC}") = "Fighters", "Fighters\Fighters.csproj", "{83146038-E1B2-4EF3-9609-4E970B9A6495}"
EndProject
Project("{FAE04EC0-301F-11D3-BF4B-00C04F79EFBC}") = "Payments", "Payments\Payments.csproj", "{0E61F2AD-8C8D-4437-B4C0-E22E9D96B677}"
EndProject
Project("{FAE04EC0-301F-11D3-BF4B-00C04F79EFBC}") = "EpicStore", "EpicStore\EpicStore.csproj", "{8A40CA91-2916-4BA6-B92A-1FE1012441F1}"
EndProject
Project("{FAE04EC0-301F-11D3-BF4B-00C04F79EFBC}") = "SignUpToJson", "SignUpToJson\SignUpToJson.csproj", "{5799AA0F-5040-40C8-B095-29707323F872}"
EndProject
Project("{FAE04EC0-301F-11D3-BF4B-00C04F79EFBC}") = "Testing1", "Testing1\Testing1.csproj", "{7C4A78C6-D4F5-47E7-A3E1-FB3AFFD267B1}"
EndProject
Project("{FAE04EC0-301F-11D3-BF4B-00C04F79EFBC}") = "ConsoleApp2", "ConsoleApp2\ConsoleApp2.csproj", "{56F12E7D-7B0D-4209-84F4-CF006EBB77EB}"
EndProject
Project("{FAE04EC0-301F-11D3-BF4B-00C04F79EFBC}") = "Api", "Api\Api.csproj", "{5D386616-AD8B-4153-85DA-125275ECD23B}"
EndProject
Project("{FAE04EC0-301F-11D3-BF4B-00C04F79EFBC}") = "LINQstudying", "LINQstudying\LINQstudying.csproj", "{B3134378-A4F0-4E90-93BC-2602EC04DB53}"
EndProject
Project("{FAE04EC0-301F-11D3-BF4B-00C04F79EFBC}") = "Dictionary", "Dictionary\Dictionary.csproj", "{5249759C-FEE6-4011-8160-29A4E7BFD86B}"
EndProject
Project("{FAE04EC0-301F-11D3-BF4B-00C04F79EFBC}") = "Cities", "Cities\Cities.csproj", "{F4AEFF1D-9126-4245-AA7D-13CAEDC3CC1B}"
EndProject
Global
	GlobalSection(SolutionConfigurationPlatforms) = preSolution
		Debug|Any CPU = Debug|Any CPU
		Debug|x64 = Debug|x64
		Debug|x86 = Debug|x86
		Release|Any CPU = Release|Any CPU
		Release|x64 = Release|x64
		Release|x86 = Release|x86
	EndGlobalSection
	GlobalSection(ProjectConfigurationPlatforms) = postSolution
		{8B19093A-DCC4-4DBD-BF72-E7ABEFA64A94}.Debug|Any CPU.ActiveCfg = Debug|Any CPU
		{8B19093A-DCC4-4DBD-BF72-E7ABEFA64A94}.Debug|Any CPU.Build.0 = Debug|Any CPU
		{8B19093A-DCC4-4DBD-BF72-E7ABEFA64A94}.Debug|x64.ActiveCfg = Debug|Any CPU
		{8B19093A-DCC4-4DBD-BF72-E7ABEFA64A94}.Debug|x64.Build.0 = Debug|Any CPU
		{8B19093A-DCC4-4DBD-BF72-E7ABEFA64A94}.Debug|x86.ActiveCfg = Debug|Any CPU
		{8B19093A-DCC4-4DBD-BF72-E7ABEFA64A94}.Debug|x86.Build.0 = Debug|Any CPU
		{8B19093A-DCC4-4DBD-BF72-E7ABEFA64A94}.Release|Any CPU.ActiveCfg = Release|Any CPU
		{8B19093A-DCC4-4DBD-BF72-E7ABEFA64A94}.Release|Any CPU.Build.0 = Release|Any CPU
		{8B19093A-DCC4-4DBD-BF72-E7ABEFA64A94}.Release|x64.ActiveCfg = Release|Any CPU
		{8B19093A-DCC4-4DBD-BF72-E7ABEFA64A94}.Release|x64.Build.0 = Release|Any CPU
		{8B19093A-DCC4-4DBD-BF72-E7ABEFA64A94}.Release|x86.ActiveCfg = Release|Any CPU
		{8B19093A-DCC4-4DBD-BF72-E7ABEFA64A94}.Release|x86.Build.0 = Release|Any CPU
		{7123AEAD-1409-48D7-8C7D-0A55788F3501}.Debug|Any CPU.ActiveCfg = Debug|Any CPU
		{7123AEAD-1409-48D7-8C7D-0A55788F3501}.Debug|Any CPU.Build.0 = Debug|Any CPU
		{7123AEAD-1409-48D7-8C7D-0A55788F3501}.Debug|x64.ActiveCfg = Debug|Any CPU
		{7123AEAD-1409-48D7-8C7D-0A55788F3501}.Debug|x64.Build.0 = Debug|Any CPU
		{7123AEAD-1409-48D7-8C7D-0A55788F3501}.Debug|x86.ActiveCfg = Debug|Any CPU
		{7123AEAD-1409-48D7-8C7D-0A55788F3501}.Debug|x86.Build.0 = Debug|Any CPU
		{7123AEAD-1409-48D7-8C7D-0A55788F3501}.Release|Any CPU.ActiveCfg = Release|Any CPU
		{7123AEAD-1409-48D7-8C7D-0A55788F3501}.Release|Any CPU.Build.0 = Release|Any CPU
		{7123AEAD-1409-48D7-8C7D-0A55788F3501}.Release|x64.ActiveCfg = Release|Any CPU
		{7123AEAD-1409-48D7-8C7D-0A55788F3501}.Release|x64.Build.0 = Release|Any CPU
		{7123AEAD-1409-48D7-8C7D-0A55788F3501}.Release|x86.ActiveCfg = Release|Any CPU
		{7123AEAD-1409-48D7-8C7D-0A55788F3501}.Release|x86.Build.0 = Release|Any CPU
		{837B39DD-27AB-43AD-8281-748166C0F3C9}.Debug|Any CPU.ActiveCfg = Debug|Any CPU
		{837B39DD-27AB-43AD-8281-748166C0F3C9}.Debug|Any CPU.Build.0 = Debug|Any CPU
		{837B39DD-27AB-43AD-8281-748166C0F3C9}.Debug|x64.ActiveCfg = Debug|Any CPU
		{837B39DD-27AB-43AD-8281-748166C0F3C9}.Debug|x64.Build.0 = Debug|Any CPU
		{837B39DD-27AB-43AD-8281-748166C0F3C9}.Debug|x86.ActiveCfg = Debug|Any CPU
		{837B39DD-27AB-43AD-8281-748166C0F3C9}.Debug|x86.Build.0 = Debug|Any CPU
		{837B39DD-27AB-43AD-8281-748166C0F3C9}.Release|Any CPU.ActiveCfg = Release|Any CPU
		{837B39DD-27AB-43AD-8281-748166C0F3C9}.Release|Any CPU.Build.0 = Release|Any CPU
		{837B39DD-27AB-43AD-8281-748166C0F3C9}.Release|x64.ActiveCfg = Release|Any CPU
		{837B39DD-27AB-43AD-8281-748166C0F3C9}.Release|x64.Build.0 = Release|Any CPU
		{837B39DD-27AB-43AD-8281-748166C0F3C9}.Release|x86.ActiveCfg = Release|Any CPU
		{837B39DD-27AB-43AD-8281-748166C0F3C9}.Release|x86.Build.0 = Release|Any CPU
		{BC44D575-B97A-4448-B3AA-CE74A0F6F6F5}.Debug|Any CPU.ActiveCfg = Debug|Any CPU
		{BC44D575-B97A-4448-B3AA-CE74A0F6F6F5}.Debug|Any CPU.Build.0 = Debug|Any CPU
		{BC44D575-B97A-4448-B3AA-CE74A0F6F6F5}.Debug|x64.ActiveCfg = Debug|Any CPU
		{BC44D575-B97A-4448-B3AA-CE74A0F6F6F5}.Debug|x64.Build.0 = Debug|Any CPU
		{BC44D575-B97A-4448-B3AA-CE74A0F6F6F5}.Debug|x86.ActiveCfg = Debug|Any CPU
		{BC44D575-B97A-4448-B3AA-CE74A0F6F6F5}.Debug|x86.Build.0 = Debug|Any CPU
		{BC44D575-B97A-4448-B3AA-CE74A0F6F6F5}.Release|Any CPU.ActiveCfg = Release|Any CPU
		{BC44D575-B97A-4448-B3AA-CE74A0F6F6F5}.Release|Any CPU.Build.0 = Release|Any CPU
		{BC44D575-B97A-4448-B3AA-CE74A0F6F6F5}.Release|x64.ActiveCfg = Release|Any CPU
		{BC44D575-B97A-4448-B3AA-CE74A0F6F6F5}.Release|x64.Build.0 = Release|Any CPU
		{BC44D575-B97A-4448-B3AA-CE74A0F6F6F5}.Release|x86.ActiveCfg = Release|Any CPU
		{BC44D575-B97A-4448-B3AA-CE74A0F6F6F5}.Release|x86.Build.0 = Release|Any CPU
		{77957C33-349F-43A4-8585-7AFB36F0B9AB}.Debug|Any CPU.ActiveCfg = Debug|Any CPU
		{77957C33-349F-43A4-8585-7AFB36F0B9AB}.Debug|Any CPU.Build.0 = Debug|Any CPU
		{77957C33-349F-43A4-8585-7AFB36F0B9AB}.Debug|x64.ActiveCfg = Debug|Any CPU
		{77957C33-349F-43A4-8585-7AFB36F0B9AB}.Debug|x64.Build.0 = Debug|Any CPU
		{77957C33-349F-43A4-8585-7AFB36F0B9AB}.Debug|x86.ActiveCfg = Debug|Any CPU
		{77957C33-349F-43A4-8585-7AFB36F0B9AB}.Debug|x86.Build.0 = Debug|Any CPU
		{77957C33-349F-43A4-8585-7AFB36F0B9AB}.Release|Any CPU.ActiveCfg = Release|Any CPU
		{77957C33-349F-43A4-8585-7AFB36F0B9AB}.Release|Any CPU.Build.0 = Release|Any CPU
		{77957C33-349F-43A4-8585-7AFB36F0B9AB}.Release|x64.ActiveCfg = Release|Any CPU
		{77957C33-349F-43A4-8585-7AFB36F0B9AB}.Release|x64.Build.0 = Release|Any CPU
		{77957C33-349F-43A4-8585-7AFB36F0B9AB}.Release|x86.ActiveCfg = Release|Any CPU
		{77957C33-349F-43A4-8585-7AFB36F0B9AB}.Release|x86.Build.0 = Release|Any CPU
		{215C5C94-AC4F-4E47-B5AB-FEFBEB96ADBF}.Debug|Any CPU.ActiveCfg = Debug|Any CPU
		{215C5C94-AC4F-4E47-B5AB-FEFBEB96ADBF}.Debug|Any CPU.Build.0 = Debug|Any CPU
		{215C5C94-AC4F-4E47-B5AB-FEFBEB96ADBF}.Debug|x64.ActiveCfg = Debug|Any CPU
		{215C5C94-AC4F-4E47-B5AB-FEFBEB96ADBF}.Debug|x64.Build.0 = Debug|Any CPU
		{215C5C94-AC4F-4E47-B5AB-FEFBEB96ADBF}.Debug|x86.ActiveCfg = Debug|Any CPU
		{215C5C94-AC4F-4E47-B5AB-FEFBEB96ADBF}.Debug|x86.Build.0 = Debug|Any CPU
		{215C5C94-AC4F-4E47-B5AB-FEFBEB96ADBF}.Release|Any CPU.ActiveCfg = Release|Any CPU
		{215C5C94-AC4F-4E47-B5AB-FEFBEB96ADBF}.Release|Any CPU.Build.0 = Release|Any CPU
		{215C5C94-AC4F-4E47-B5AB-FEFBEB96ADBF}.Release|x64.ActiveCfg = Release|Any CPU
		{215C5C94-AC4F-4E47-B5AB-FEFBEB96ADBF}.Release|x64.Build.0 = Release|Any CPU
		{215C5C94-AC4F-4E47-B5AB-FEFBEB96ADBF}.Release|x86.ActiveCfg = Release|Any CPU
		{215C5C94-AC4F-4E47-B5AB-FEFBEB96ADBF}.Release|x86.Build.0 = Release|Any CPU
		{83146038-E1B2-4EF3-9609-4E970B9A6495}.Debug|Any CPU.ActiveCfg = Debug|Any CPU
		{83146038-E1B2-4EF3-9609-4E970B9A6495}.Debug|Any CPU.Build.0 = Debug|Any CPU
		{83146038-E1B2-4EF3-9609-4E970B9A6495}.Debug|x64.ActiveCfg = Debug|Any CPU
		{83146038-E1B2-4EF3-9609-4E970B9A6495}.Debug|x64.Build.0 = Debug|Any CPU
		{83146038-E1B2-4EF3-9609-4E970B9A6495}.Debug|x86.ActiveCfg = Debug|Any CPU
		{83146038-E1B2-4EF3-9609-4E970B9A6495}.Debug|x86.Build.0 = Debug|Any CPU
		{83146038-E1B2-4EF3-9609-4E970B9A6495}.Release|Any CPU.ActiveCfg = Release|Any CPU
		{83146038-E1B2-4EF3-9609-4E970B9A6495}.Release|Any CPU.Build.0 = Release|Any CPU
		{83146038-E1B2-4EF3-9609-4E970B9A6495}.Release|x64.ActiveCfg = Release|Any CPU
		{83146038-E1B2-4EF3-9609-4E970B9A6495}.Release|x64.Build.0 = Release|Any CPU
		{83146038-E1B2-4EF3-9609-4E970B9A6495}.Release|x86.ActiveCfg = Release|Any CPU
		{83146038-E1B2-4EF3-9609-4E970B9A6495}.Release|x86.Build.0 = Release|Any CPU
		{0E61F2AD-8C8D-4437-B4C0-E22E9D96B677}.Debug|Any CPU.ActiveCfg = Debug|Any CPU
		{0E61F2AD-8C8D-4437-B4C0-E22E9D96B677}.Debug|Any CPU.Build.0 = Debug|Any CPU
		{0E61F2AD-8C8D-4437-B4C0-E22E9D96B677}.Debug|x64.ActiveCfg = Debug|Any CPU
		{0E61F2AD-8C8D-4437-B4C0-E22E9D96B677}.Debug|x64.Build.0 = Debug|Any CPU
		{0E61F2AD-8C8D-4437-B4C0-E22E9D96B677}.Debug|x86.ActiveCfg = Debug|Any CPU
		{0E61F2AD-8C8D-4437-B4C0-E22E9D96B677}.Debug|x86.Build.0 = Debug|Any CPU
		{0E61F2AD-8C8D-4437-B4C0-E22E9D96B677}.Release|Any CPU.ActiveCfg = Release|Any CPU
		{0E61F2AD-8C8D-4437-B4C0-E22E9D96B677}.Release|Any CPU.Build.0 = Release|Any CPU
		{0E61F2AD-8C8D-4437-B4C0-E22E9D96B677}.Release|x64.ActiveCfg = Release|Any CPU
		{0E61F2AD-8C8D-4437-B4C0-E22E9D96B677}.Release|x64.Build.0 = Release|Any CPU
		{0E61F2AD-8C8D-4437-B4C0-E22E9D96B677}.Release|x86.ActiveCfg = Release|Any CPU
		{0E61F2AD-8C8D-4437-B4C0-E22E9D96B677}.Release|x86.Build.0 = Release|Any CPU
		{8A40CA91-2916-4BA6-B92A-1FE1012441F1}.Debug|Any CPU.ActiveCfg = Debug|Any CPU
		{8A40CA91-2916-4BA6-B92A-1FE1012441F1}.Debug|Any CPU.Build.0 = Debug|Any CPU
		{8A40CA91-2916-4BA6-B92A-1FE1012441F1}.Debug|x64.ActiveCfg = Debug|Any CPU
		{8A40CA91-2916-4BA6-B92A-1FE1012441F1}.Debug|x64.Build.0 = Debug|Any CPU
		{8A40CA91-2916-4BA6-B92A-1FE1012441F1}.Debug|x86.ActiveCfg = Debug|Any CPU
		{8A40CA91-2916-4BA6-B92A-1FE1012441F1}.Debug|x86.Build.0 = Debug|Any CPU
		{8A40CA91-2916-4BA6-B92A-1FE1012441F1}.Release|Any CPU.ActiveCfg = Release|Any CPU
		{8A40CA91-2916-4BA6-B92A-1FE1012441F1}.Release|Any CPU.Build.0 = Release|Any CPU
		{8A40CA91-2916-4BA6-B92A-1FE1012441F1}.Release|x64.ActiveCfg = Release|Any CPU
		{8A40CA91-2916-4BA6-B92A-1FE1012441F1}.Release|x64.Build.0 = Release|Any CPU
		{8A40CA91-2916-4BA6-B92A-1FE1012441F1}.Release|x86.ActiveCfg = Release|Any CPU
		{8A40CA91-2916-4BA6-B92A-1FE1012441F1}.Release|x86.Build.0 = Release|Any CPU
		{5799AA0F-5040-40C8-B095-29707323F872}.Debug|Any CPU.ActiveCfg = Debug|Any CPU
		{5799AA0F-5040-40C8-B095-29707323F872}.Debug|Any CPU.Build.0 = Debug|Any CPU
		{5799AA0F-5040-40C8-B095-29707323F872}.Debug|x64.ActiveCfg = Debug|Any CPU
		{5799AA0F-5040-40C8-B095-29707323F872}.Debug|x64.Build.0 = Debug|Any CPU
		{5799AA0F-5040-40C8-B095-29707323F872}.Debug|x86.ActiveCfg = Debug|Any CPU
		{5799AA0F-5040-40C8-B095-29707323F872}.Debug|x86.Build.0 = Debug|Any CPU
		{5799AA0F-5040-40C8-B095-29707323F872}.Release|Any CPU.ActiveCfg = Release|Any CPU
		{5799AA0F-5040-40C8-B095-29707323F872}.Release|Any CPU.Build.0 = Release|Any CPU
		{5799AA0F-5040-40C8-B095-29707323F872}.Release|x64.ActiveCfg = Release|Any CPU
		{5799AA0F-5040-40C8-B095-29707323F872}.Release|x64.Build.0 = Release|Any CPU
		{5799AA0F-5040-40C8-B095-29707323F872}.Release|x86.ActiveCfg = Release|Any CPU
		{5799AA0F-5040-40C8-B095-29707323F872}.Release|x86.Build.0 = Release|Any CPU
		{7C4A78C6-D4F5-47E7-A3E1-FB3AFFD267B1}.Debug|Any CPU.ActiveCfg = Debug|Any CPU
		{7C4A78C6-D4F5-47E7-A3E1-FB3AFFD267B1}.Debug|Any CPU.Build.0 = Debug|Any CPU
		{7C4A78C6-D4F5-47E7-A3E1-FB3AFFD267B1}.Debug|x64.ActiveCfg = Debug|Any CPU
		{7C4A78C6-D4F5-47E7-A3E1-FB3AFFD267B1}.Debug|x64.Build.0 = Debug|Any CPU
		{7C4A78C6-D4F5-47E7-A3E1-FB3AFFD267B1}.Debug|x86.ActiveCfg = Debug|Any CPU
		{7C4A78C6-D4F5-47E7-A3E1-FB3AFFD267B1}.Debug|x86.Build.0 = Debug|Any CPU
		{7C4A78C6-D4F5-47E7-A3E1-FB3AFFD267B1}.Release|Any CPU.ActiveCfg = Release|Any CPU
		{7C4A78C6-D4F5-47E7-A3E1-FB3AFFD267B1}.Release|Any CPU.Build.0 = Release|Any CPU
		{7C4A78C6-D4F5-47E7-A3E1-FB3AFFD267B1}.Release|x64.ActiveCfg = Release|Any CPU
		{7C4A78C6-D4F5-47E7-A3E1-FB3AFFD267B1}.Release|x64.Build.0 = Release|Any CPU
		{7C4A78C6-D4F5-47E7-A3E1-FB3AFFD267B1}.Release|x86.ActiveCfg = Release|Any CPU
		{7C4A78C6-D4F5-47E7-A3E1-FB3AFFD267B1}.Release|x86.Build.0 = Release|Any CPU
		{56F12E7D-7B0D-4209-84F4-CF006EBB77EB}.Debug|Any CPU.ActiveCfg = Debug|Any CPU
		{56F12E7D-7B0D-4209-84F4-CF006EBB77EB}.Debug|Any CPU.Build.0 = Debug|Any CPU
		{56F12E7D-7B0D-4209-84F4-CF006EBB77EB}.Debug|x64.ActiveCfg = Debug|Any CPU
		{56F12E7D-7B0D-4209-84F4-CF006EBB77EB}.Debug|x64.Build.0 = Debug|Any CPU
		{56F12E7D-7B0D-4209-84F4-CF006EBB77EB}.Debug|x86.ActiveCfg = Debug|Any CPU
		{56F12E7D-7B0D-4209-84F4-CF006EBB77EB}.Debug|x86.Build.0 = Debug|Any CPU
		{56F12E7D-7B0D-4209-84F4-CF006EBB77EB}.Release|Any CPU.ActiveCfg = Release|Any CPU
		{56F12E7D-7B0D-4209-84F4-CF006EBB77EB}.Release|Any CPU.Build.0 = Release|Any CPU
		{56F12E7D-7B0D-4209-84F4-CF006EBB77EB}.Release|x64.ActiveCfg = Release|Any CPU
		{56F12E7D-7B0D-4209-84F4-CF006EBB77EB}.Release|x64.Build.0 = Release|Any CPU
		{56F12E7D-7B0D-4209-84F4-CF006EBB77EB}.Release|x86.ActiveCfg = Release|Any CPU
		{56F12E7D-7B0D-4209-84F4-CF006EBB77EB}.Release|x86.Build.0 = Release|Any CPU
		{5D386616-AD8B-4153-85DA-125275ECD23B}.Debug|Any CPU.ActiveCfg = Debug|Any CPU
		{5D386616-AD8B-4153-85DA-125275ECD23B}.Debug|Any CPU.Build.0 = Debug|Any CPU
		{5D386616-AD8B-4153-85DA-125275ECD23B}.Debug|x64.ActiveCfg = Debug|Any CPU
		{5D386616-AD8B-4153-85DA-125275ECD23B}.Debug|x64.Build.0 = Debug|Any CPU
		{5D386616-AD8B-4153-85DA-125275ECD23B}.Debug|x86.ActiveCfg = Debug|Any CPU
		{5D386616-AD8B-4153-85DA-125275ECD23B}.Debug|x86.Build.0 = Debug|Any CPU
		{5D386616-AD8B-4153-85DA-125275ECD23B}.Release|Any CPU.ActiveCfg = Release|Any CPU
		{5D386616-AD8B-4153-85DA-125275ECD23B}.Release|Any CPU.Build.0 = Release|Any CPU
		{5D386616-AD8B-4153-85DA-125275ECD23B}.Release|x64.ActiveCfg = Release|Any CPU
		{5D386616-AD8B-4153-85DA-125275ECD23B}.Release|x64.Build.0 = Release|Any CPU
		{5D386616-AD8B-4153-85DA-125275ECD23B}.Release|x86.ActiveCfg = Release|Any CPU
		{5D386616-AD8B-4153-85DA-125275ECD23B}.Release|x86.Build.0 = Release|Any CPU
		{B3134378-A4F0-4E90-93BC-2602EC04DB53}.Debug|Any CPU.ActiveCfg = Debug|Any CPU
		{B3134378-A4F0-4E90-93BC-2602EC04DB53}.Debug|Any CPU.Build.0 = Debug|Any CPU
		{B3134378-A4F0-4E90-93BC-2602EC04DB53}.Debug|x64.ActiveCfg = Debug|Any CPU
		{B3134378-A4F0-4E90-93BC-2602EC04DB53}.Debug|x64.Build.0 = Debug|Any CPU
		{B3134378-A4F0-4E90-93BC-2602EC04DB53}.Debug|x86.ActiveCfg = Debug|Any CPU
		{B3134378-A4F0-4E90-93BC-2602EC04DB53}.Debug|x86.Build.0 = Debug|Any CPU
		{B3134378-A4F0-4E90-93BC-2602EC04DB53}.Release|Any CPU.ActiveCfg = Release|Any CPU
		{B3134378-A4F0-4E90-93BC-2602EC04DB53}.Release|Any CPU.Build.0 = Release|Any CPU
		{B3134378-A4F0-4E90-93BC-2602EC04DB53}.Release|x64.ActiveCfg = Release|Any CPU
		{B3134378-A4F0-4E90-93BC-2602EC04DB53}.Release|x64.Build.0 = Release|Any CPU
		{B3134378-A4F0-4E90-93BC-2602EC04DB53}.Release|x86.ActiveCfg = Release|Any CPU
		{B3134378-A4F0-4E90-93BC-2602EC04DB53}.Release|x86.Build.0 = Release|Any CPU
		{5249759C-FEE6-4011-8160-29A4E7BFD86B}.Debug|Any CPU.ActiveCfg = Debug|Any CPU
		{5249759C-FEE6-4011-8160-29A4E7BFD86B}.Debug|Any CPU.Build.0 = Debug|Any CPU
		{5249759C-FEE6-4011-8160-29A4E7BFD86B}.Debug|x64.ActiveCfg = Debug|Any CPU
		{5249759C-FEE6-4011-8160-29A4E7BFD86B}.Debug|x64.Build.0 = Debug|Any CPU
		{5249759C-FEE6-4011-8160-29A4E7BFD86B}.Debug|x86.ActiveCfg = Debug|Any CPU
		{5249759C-FEE6-4011-8160-29A4E7BFD86B}.Debug|x86.Build.0 = Debug|Any CPU
		{5249759C-FEE6-4011-8160-29A4E7BFD86B}.Release|Any CPU.ActiveCfg = Release|Any CPU
		{5249759C-FEE6-4011-8160-29A4E7BFD86B}.Release|Any CPU.Build.0 = Release|Any CPU
		{5249759C-FEE6-4011-8160-29A4E7BFD86B}.Release|x64.ActiveCfg = Release|Any CPU
		{5249759C-FEE6-4011-8160-29A4E7BFD86B}.Release|x64.Build.0 = Release|Any CPU
		{5249759C-FEE6-4011-8160-29A4E7BFD86B}.Release|x86.ActiveCfg = Release|Any CPU
		{5249759C-FEE6-4011-8160-29A4E7BFD86B}.Release|x86.Build.0 = Release|Any CPU
		{F4AEFF1D-9126-4245-AA7D-13CAEDC3CC1B}.Debug|Any CPU.ActiveCfg = Debug|Any CPU
		{F4AEFF1D-9126-4245-AA7D-13CAEDC3CC1B}.Debug|Any CPU.Build.0 = Debug|Any CPU
		{F4AEFF1D-9126-4245-AA7D-13CAEDC3CC1B}.Debug|x64.ActiveCfg = Debug|Any CPU
		{F4AEFF1D-9126-4245-AA7D-13CAEDC3CC1B}.Debug|x64.Build.0 = Debug|Any CPU
		{F4AEFF1D-9126-4245-AA7D-13CAEDC3CC1B}.Debug|x86.ActiveCfg = Debug|Any CPU
		{F4AEFF1D-9126-4245-AA7D-13CAEDC3CC1B}.Debug|x86.Build.0 = Debug|Any CPU
		{F4AEFF1D-9126-4245-AA7D-13CAEDC3CC1B}.Release|Any CPU.ActiveCfg = Release|Any CPU
		{F4AEFF1D-9126-4245-AA7D-13CAEDC3CC1B}.Release|Any CPU.Build.0 = Release|Any CPU
		{F4AEFF1D-9126-4245-AA7D-13CAEDC3CC1B}.Release|x64.ActiveCfg = Release|Any CPU
		{F4AEFF1D-9126-4245-AA7D-13CAEDC3CC1B}.Release|x64.Build.0 = Release|Any CPU
		{F4AEFF1D-9126-4245-AA7D-13CAEDC3CC1B}.Release|x86.ActiveCfg = Release|Any CPU
		{F4AEFF1D-9126-4245-AA7D-13CAEDC3CC1B}.Release|x86.Build.0 = Release|Any CPU
	EndGlobalSection
	GlobalSection(SolutionProperties) = preSolution
		HideSolutionNode = FALSE
	EndGlobalSection
EndGlobal
