
Microsoft Visual Studio Solution File, Format Version 12.00
# Visual Studio Version 17
VisualStudioVersion = 17.11.35327.3
MinimumVisualStudioVersion = 10.0.40219.1
Project("{FAE04EC0-301F-11D3-BF4B-00C04F79EFBC}") = "Constructors", "Constructors\Constructors.csproj", "{0297B230-B70E-4726-8301-52F0AD87603E}"
EndProject
Global
	GlobalSection(SolutionConfigurationPlatforms) = preSolution
		Debug|Any CPU = Debug|Any CPU
		Release|Any CPU = Release|Any CPU
	EndGlobalSection
	GlobalSection(ProjectConfigurationPlatforms) = postSolution
		{0297B230-B70E-4726-8301-52F0AD87603E}.Debug|Any CPU.ActiveCfg = Debug|Any CPU
		{0297B230-B70E-4726-8301-52F0AD87603E}.Debug|Any CPU.Build.0 = Debug|Any CPU
		{0297B230-B70E-4726-8301-52F0AD87603E}.Release|Any CPU.ActiveCfg = Release|Any CPU
		{0297B230-B70E-4726-8301-52F0AD87603E}.Release|Any CPU.Build.0 = Release|Any CPU
	EndGlobalSection
	GlobalSection(SolutionProperties) = preSolution
		HideSolutionNode = FALSE
	EndGlobalSection
	GlobalSection(ExtensibilityGlobals) = postSolution
		SolutionGuid = {9E6DE247-2596-4E2A-9BDF-AF7D26A355F4}
	EndGlobalSection
EndGlobal
