
Microsoft Visual Studio Solution File, Format Version 12.00
# Visual Studio Version 17
VisualStudioVersion = 17.11.35327.3
MinimumVisualStudioVersion = 10.0.40219.1
Project("{FAE04EC0-301F-11D3-BF4B-00C04F79EFBC}") = "Conditional Operators", "Conditional Operators\Conditional Operators.csproj", "{CFFD4F66-3859-4148-8005-3C728F77FCAB}"
EndProject
Global
	GlobalSection(SolutionConfigurationPlatforms) = preSolution
		Debug|Any CPU = Debug|Any CPU
		Release|Any CPU = Release|Any CPU
	EndGlobalSection
	GlobalSection(ProjectConfigurationPlatforms) = postSolution
		{CFFD4F66-3859-4148-8005-3C728F77FCAB}.Debug|Any CPU.ActiveCfg = Debug|Any CPU
		{CFFD4F66-3859-4148-8005-3C728F77FCAB}.Debug|Any CPU.Build.0 = Debug|Any CPU
		{CFFD4F66-3859-4148-8005-3C728F77FCAB}.Release|Any CPU.ActiveCfg = Release|Any CPU
		{CFFD4F66-3859-4148-8005-3C728F77FCAB}.Release|Any CPU.Build.0 = Release|Any CPU
	EndGlobalSection
	GlobalSection(SolutionProperties) = preSolution
		HideSolutionNode = FALSE
	EndGlobalSection
	GlobalSection(ExtensibilityGlobals) = postSolution
		SolutionGuid = {A6747A4A-E23B-4847-9DA1-A78E29D41873}
	EndGlobalSection
EndGlobal
