
Microsoft Visual Studio Solution File, Format Version 12.00
# Visual Studio Version 17
VisualStudioVersion = 17.11.35327.3
MinimumVisualStudioVersion = 10.0.40219.1
Project("{FAE04EC0-301F-11D3-BF4B-00C04F79EFBC}") = "To Do List", "To Do List\To Do List.csproj", "{657EDF15-1CDB-4769-9DE7-5C57BE460258}"
EndProject
Global
	GlobalSection(SolutionConfigurationPlatforms) = preSolution
		Debug|Any CPU = Debug|Any CPU
		Release|Any CPU = Release|Any CPU
	EndGlobalSection
	GlobalSection(ProjectConfigurationPlatforms) = postSolution
		{657EDF15-1CDB-4769-9DE7-5C57BE460258}.Debug|Any CPU.ActiveCfg = Debug|Any CPU
		{657EDF15-1CDB-4769-9DE7-5C57BE460258}.Debug|Any CPU.Build.0 = Debug|Any CPU
		{657EDF15-1CDB-4769-9DE7-5C57BE460258}.Release|Any CPU.ActiveCfg = Release|Any CPU
		{657EDF15-1CDB-4769-9DE7-5C57BE460258}.Release|Any CPU.Build.0 = Release|Any CPU
	EndGlobalSection
	GlobalSection(SolutionProperties) = preSolution
		HideSolutionNode = FALSE
	EndGlobalSection
	GlobalSection(ExtensibilityGlobals) = postSolution
		SolutionGuid = {3DB4CB22-348E-49EA-9D1D-B959BEB0D3F0}
	EndGlobalSection
EndGlobal
