
Microsoft Visual Studio Solution File, Format Version 12.00
# Visual Studio Version 17
VisualStudioVersion = 17.13.35828.75 d17.13
MinimumVisualStudioVersion = 10.0.40219.1
Project("{FAE04EC0-301F-11D3-BF4B-00C04F79EFBC}") = "Students", "Students\Students.csproj", "{7D38F22B-0054-4D73-A26C-899A730CFA81}"
EndProject
Global
	GlobalSection(SolutionConfigurationPlatforms) = preSolution
		Debug|Any CPU = Debug|Any CPU
		Release|Any CPU = Release|Any CPU
	EndGlobalSection
	GlobalSection(ProjectConfigurationPlatforms) = postSolution
		{7D38F22B-0054-4D73-A26C-899A730CFA81}.Debug|Any CPU.ActiveCfg = Debug|Any CPU
		{7D38F22B-0054-4D73-A26C-899A730CFA81}.Debug|Any CPU.Build.0 = Debug|Any CPU
		{7D38F22B-0054-4D73-A26C-899A730CFA81}.Release|Any CPU.ActiveCfg = Release|Any CPU
		{7D38F22B-0054-4D73-A26C-899A730CFA81}.Release|Any CPU.Build.0 = Release|Any CPU
	EndGlobalSection
	GlobalSection(SolutionProperties) = preSolution
		HideSolutionNode = FALSE
	EndGlobalSection
	GlobalSection(ExtensibilityGlobals) = postSolution
		SolutionGuid = {775C278D-C99B-4532-9F3A-00568155625B}
	EndGlobalSection
EndGlobal
