
Microsoft Visual Studio Solution File, Format Version 12.00
# Visual Studio Version 17
VisualStudioVersion = 17.11.35312.102
MinimumVisualStudioVersion = 10.0.40219.1
Project("{FAE04EC0-301F-11D3-BF4B-00C04F79EFBC}") = "String Methods", "String Methods.csproj", "{2BA6A3AB-B9DA-4B6A-9F36-E3BE4E631F31}"
EndProject
Global
	GlobalSection(SolutionConfigurationPlatforms) = preSolution
		Debug|Any CPU = Debug|Any CPU
		Release|Any CPU = Release|Any CPU
	EndGlobalSection
	GlobalSection(ProjectConfigurationPlatforms) = postSolution
		{2BA6A3AB-B9DA-4B6A-9F36-E3BE4E631F31}.Debug|Any CPU.ActiveCfg = Debug|Any CPU
		{2BA6A3AB-B9DA-4B6A-9F36-E3BE4E631F31}.Debug|Any CPU.Build.0 = Debug|Any CPU
		{2BA6A3AB-B9DA-4B6A-9F36-E3BE4E631F31}.Release|Any CPU.ActiveCfg = Release|Any CPU
		{2BA6A3AB-B9DA-4B6A-9F36-E3BE4E631F31}.Release|Any CPU.Build.0 = Release|Any CPU
	EndGlobalSection
	GlobalSection(SolutionProperties) = preSolution
		HideSolutionNode = FALSE
	EndGlobalSection
	GlobalSection(ExtensibilityGlobals) = postSolution
		SolutionGuid = {05F83813-72B0-4DAB-9C37-EB39F287F47E}
	EndGlobalSection
EndGlobal
