
Microsoft Visual Studio Solution File, Format Version 12.00
# Visual Studio Version 17
VisualStudioVersion = 17.11.35327.3
MinimumVisualStudioVersion = 10.0.40219.1
Project("{FAE04EC0-301F-11D3-BF4B-00C04F79EFBC}") = "Find th Bomb", "Find th Bomb\Find th Bomb.csproj", "{15E2ECBF-6800-49C8-8AF4-4B23B5CCCB84}"
EndProject
Global
	GlobalSection(SolutionConfigurationPlatforms) = preSolution
		Debug|Any CPU = Debug|Any CPU
		Release|Any CPU = Release|Any CPU
	EndGlobalSection
	GlobalSection(ProjectConfigurationPlatforms) = postSolution
		{15E2ECBF-6800-49C8-8AF4-4B23B5CCCB84}.Debug|Any CPU.ActiveCfg = Debug|Any CPU
		{15E2ECBF-6800-49C8-8AF4-4B23B5CCCB84}.Debug|Any CPU.Build.0 = Debug|Any CPU
		{15E2ECBF-6800-49C8-8AF4-4B23B5CCCB84}.Release|Any CPU.ActiveCfg = Release|Any CPU
		{15E2ECBF-6800-49C8-8AF4-4B23B5CCCB84}.Release|Any CPU.Build.0 = Release|Any CPU
	EndGlobalSection
	GlobalSection(SolutionProperties) = preSolution
		HideSolutionNode = FALSE
	EndGlobalSection
	GlobalSection(ExtensibilityGlobals) = postSolution
		SolutionGuid = {2BA5A85B-6D29-452A-91A4-BB8030876816}
	EndGlobalSection
EndGlobal
