
Microsoft Visual Studio Solution File, Format Version 12.00
# Visual Studio Version 17
VisualStudioVersion = 17.13.35828.75 d17.13
MinimumVisualStudioVersion = 10.0.40219.1
Project("{FAE04EC0-301F-11D3-BF4B-00C04F79EFBC}") = "Static modifier", "Static modifier\Static modifier.csproj", "{E4D77163-FA25-49CB-96B0-865DE58698B2}"
EndProject
Global
	GlobalSection(SolutionConfigurationPlatforms) = preSolution
		Debug|Any CPU = Debug|Any CPU
		Release|Any CPU = Release|Any CPU
	EndGlobalSection
	GlobalSection(ProjectConfigurationPlatforms) = postSolution
		{E4D77163-FA25-49CB-96B0-865DE58698B2}.Debug|Any CPU.ActiveCfg = Debug|Any CPU
		{E4D77163-FA25-49CB-96B0-865DE58698B2}.Debug|Any CPU.Build.0 = Debug|Any CPU
		{E4D77163-FA25-49CB-96B0-865DE58698B2}.Release|Any CPU.ActiveCfg = Release|Any CPU
		{E4D77163-FA25-49CB-96B0-865DE58698B2}.Release|Any CPU.Build.0 = Release|Any CPU
	EndGlobalSection
	GlobalSection(SolutionProperties) = preSolution
		HideSolutionNode = FALSE
	EndGlobalSection
	GlobalSection(ExtensibilityGlobals) = postSolution
		SolutionGuid = {AB707A01-3A05-4B70-96D0-5B38C58DC02E}
	EndGlobalSection
EndGlobal
