
Microsoft Visual Studio Solution File, Format Version 12.00
# Visual Studio Version 17
VisualStudioVersion = 17.11.35327.3
MinimumVisualStudioVersion = 10.0.40219.1
Project("{FAE04EC0-301F-11D3-BF4B-00C04F79EFBC}") = "String Interpolation", "String Interpolation\String Interpolation.csproj", "{C9BE1E6F-CCEE-4312-9AD7-59CCEEB3180F}"
EndProject
Global
	GlobalSection(SolutionConfigurationPlatforms) = preSolution
		Debug|Any CPU = Debug|Any CPU
		Release|Any CPU = Release|Any CPU
	EndGlobalSection
	GlobalSection(ProjectConfigurationPlatforms) = postSolution
		{C9BE1E6F-CCEE-4312-9AD7-59CCEEB3180F}.Debug|Any CPU.ActiveCfg = Debug|Any CPU
		{C9BE1E6F-CCEE-4312-9AD7-59CCEEB3180F}.Debug|Any CPU.Build.0 = Debug|Any CPU
		{C9BE1E6F-CCEE-4312-9AD7-59CCEEB3180F}.Release|Any CPU.ActiveCfg = Release|Any CPU
		{C9BE1E6F-CCEE-4312-9AD7-59CCEEB3180F}.Release|Any CPU.Build.0 = Release|Any CPU
	EndGlobalSection
	GlobalSection(SolutionProperties) = preSolution
		HideSolutionNode = FALSE
	EndGlobalSection
	GlobalSection(ExtensibilityGlobals) = postSolution
		SolutionGuid = {02ABBA41-EBAA-45F2-A8A4-066FE32AE1CD}
	EndGlobalSection
EndGlobal
