
Microsoft Visual Studio Solution File, Format Version 12.00
# Visual Studio Version 17
VisualStudioVersion = 17.13.35828.75 d17.13
MinimumVisualStudioVersion = 10.0.40219.1
Project("{FAE04EC0-301F-11D3-BF4B-00C04F79EFBC}") = "Generics", "Generics\Generics.csproj", "{990061B3-876D-4E41-9270-67DA1BAED41F}"
EndProject
Global
	GlobalSection(SolutionConfigurationPlatforms) = preSolution
		Debug|Any CPU = Debug|Any CPU
		Release|Any CPU = Release|Any CPU
	EndGlobalSection
	GlobalSection(ProjectConfigurationPlatforms) = postSolution
		{990061B3-876D-4E41-9270-67DA1BAED41F}.Debug|Any CPU.ActiveCfg = Debug|Any CPU
		{990061B3-876D-4E41-9270-67DA1BAED41F}.Debug|Any CPU.Build.0 = Debug|Any CPU
		{990061B3-876D-4E41-9270-67DA1BAED41F}.Release|Any CPU.ActiveCfg = Release|Any CPU
		{990061B3-876D-4E41-9270-67DA1BAED41F}.Release|Any CPU.Build.0 = Release|Any CPU
	EndGlobalSection
	GlobalSection(SolutionProperties) = preSolution
		HideSolutionNode = FALSE
	EndGlobalSection
	GlobalSection(ExtensibilityGlobals) = postSolution
		SolutionGuid = {067B5838-E655-4CBD-B487-E126ABBA35D0}
	EndGlobalSection
EndGlobal
