
Microsoft Visual Studio Solution File, Format Version 12.00
# Visual Studio Version 17
VisualStudioVersion = 17.11.35312.102
MinimumVisualStudioVersion = 10.0.40219.1
Project("{FAE04EC0-301F-11D3-BF4B-00C04F79EFBC}") = "FizBuzz", "FizBuzz.csproj", "{A46D7353-4C5E-40A5-9C41-ACDAB821655F}"
EndProject
Global
	GlobalSection(SolutionConfigurationPlatforms) = preSolution
		Debug|Any CPU = Debug|Any CPU
		Release|Any CPU = Release|Any CPU
	EndGlobalSection
	GlobalSection(ProjectConfigurationPlatforms) = postSolution
		{A46D7353-4C5E-40A5-9C41-ACDAB821655F}.Debug|Any CPU.ActiveCfg = Debug|Any CPU
		{A46D7353-4C5E-40A5-9C41-ACDAB821655F}.Debug|Any CPU.Build.0 = Debug|Any CPU
		{A46D7353-4C5E-40A5-9C41-ACDAB821655F}.Release|Any CPU.ActiveCfg = Release|Any CPU
		{A46D7353-4C5E-40A5-9C41-ACDAB821655F}.Release|Any CPU.Build.0 = Release|Any CPU
	EndGlobalSection
	GlobalSection(SolutionProperties) = preSolution
		HideSolutionNode = FALSE
	EndGlobalSection
	GlobalSection(ExtensibilityGlobals) = postSolution
		SolutionGuid = {33993885-D117-4F98-8B74-F98404667993}
	EndGlobalSection
EndGlobal
